
Microsoft Visual Studio Solution File, Format Version 12.00
# Visual Studio Version 16
VisualStudioVersion = 16.0.30320.27
MinimumVisualStudioVersion = 10.0.40219.1
Project("{FAE04EC0-301F-11D3-BF4B-00C04F79EFBC}") = "CsvConvert_inCamp", "CsvConvert_inCamp\CsvConvert_inCamp.csproj", "{DFEFFE76-5F4E-4341-BB14-B72E185FCB72}"
EndProject
Global
	GlobalSection(SolutionConfigurationPlatforms) = preSolution
		Debug|Any CPU = Debug|Any CPU
		Release|Any CPU = Release|Any CPU
	EndGlobalSection
	GlobalSection(ProjectConfigurationPlatforms) = postSolution
		{DFEFFE76-5F4E-4341-BB14-B72E185FCB72}.Debug|Any CPU.ActiveCfg = Debug|Any CPU
		{DFEFFE76-5F4E-4341-BB14-B72E185FCB72}.Debug|Any CPU.Build.0 = Debug|Any CPU
		{DFEFFE76-5F4E-4341-BB14-B72E185FCB72}.Release|Any CPU.ActiveCfg = Release|Any CPU
		{DFEFFE76-5F4E-4341-BB14-B72E185FCB72}.Release|Any CPU.Build.0 = Release|Any CPU
	EndGlobalSection
	GlobalSection(SolutionProperties) = preSolution
		HideSolutionNode = FALSE
	EndGlobalSection
	GlobalSection(ExtensibilityGlobals) = postSolution
		SolutionGuid = {4F5F3A3F-C65E-45FB-80EA-132EA48506B3}
	EndGlobalSection
EndGlobal
